# THIS IS AN AUTOGENERATED FILE. DO NOT EDIT THIS FILE DIRECTLY.
# yarn lockfile v1


"client-oauth2@git+https://github.com/membrane-io/js-client-oauth2.git":
  version "4.3.3"
  resolved "git+https://github.com/membrane-io/js-client-oauth2.git#cd6c94cb2213f53631dedfc8b47c4ec1fb709e88"
  dependencies:
    safe-buffer "^5.2.0"

random-bytes-js@latest:
  version "1.0.0"
  resolved "https://registry.yarnpkg.com/random-bytes-js/-/random-bytes-js-1.0.0.tgz#a967d0f6a9607f496c983af4711a7b814e7dff7c"
  integrity sha512-Jh/4ey7R1fOHcVHgi1pcPVO9f7x5L6ct9zARvJD27tjFiymp72vCcYO1O6c3RifgPclNy2404dWZRgKns6xz9A==

safe-buffer@^5.2.0:
  version "5.2.1"
  resolved "https://registry.yarnpkg.com/safe-buffer/-/safe-buffer-5.2.1.tgz#1eaf9fa9bdb1fdd4ec75f58f9cdb4e6b7827eec6"
  integrity sha512-rp3So07KcdmmKbGvgaNxQSJr7bGVSVk5S9Eq1F+ppbRo70+YeaDxkw5Dd8NPN+GD6bjnYm2VuPuCXmpuYvmCXQ==

"tweetnacl@git+https://github.com/membrane-io/tweetnacl-js.git":
  version "1.0.3"
  resolved "git+https://github.com/membrane-io/tweetnacl-js.git#c4349000b91ecdc0e8ce4f8b9a338d112d1c292c"
